
Microsoft Visual Studio Solution File, Format Version 12.00
# Visual Studio Version 16
VisualStudioVersion = 16.0.30011.22
MinimumVisualStudioVersion = 10.0.40219.1
Project("{FAE04EC0-301F-11D3-BF4B-00C04F79EFBC}") = "Web", "Web\Web.csproj", "{BC31D0DF-65E7-4756-8EDB-F1DF0BCFCC1D}"
EndProject
Project("{FAE04EC0-301F-11D3-BF4B-00C04F79EFBC}") = "Core", "Core\Core.csproj", "{D0EF33A5-9B8D-4185-B220-B814F103CA72}"
EndProject
Project("{FAE04EC0-301F-11D3-BF4B-00C04F79EFBC}") = "Infrastructure", "Infrastructure\Infrastructure.csproj", "{03C8E91D-E8C8-4FD0-895E-D7A13A0896A2}"
EndProject
Global
	GlobalSection(SolutionConfigurationPlatforms) = preSolution
		Debug|Any CPU = Debug|Any CPU
		Release|Any CPU = Release|Any CPU
	EndGlobalSection
	GlobalSection(ProjectConfigurationPlatforms) = postSolution
		{BC31D0DF-65E7-4756-8EDB-F1DF0BCFCC1D}.Debug|Any CPU.ActiveCfg = Debug|Any CPU
		{BC31D0DF-65E7-4756-8EDB-F1DF0BCFCC1D}.Debug|Any CPU.Build.0 = Debug|Any CPU
		{BC31D0DF-65E7-4756-8EDB-F1DF0BCFCC1D}.Release|Any CPU.ActiveCfg = Release|Any CPU
		{BC31D0DF-65E7-4756-8EDB-F1DF0BCFCC1D}.Release|Any CPU.Build.0 = Release|Any CPU
		{D0EF33A5-9B8D-4185-B220-B814F103CA72}.Debug|Any CPU.ActiveCfg = Debug|Any CPU
		{D0EF33A5-9B8D-4185-B220-B814F103CA72}.Debug|Any CPU.Build.0 = Debug|Any CPU
		{D0EF33A5-9B8D-4185-B220-B814F103CA72}.Release|Any CPU.ActiveCfg = Release|Any CPU
		{D0EF33A5-9B8D-4185-B220-B814F103CA72}.Release|Any CPU.Build.0 = Release|Any CPU
		{03C8E91D-E8C8-4FD0-895E-D7A13A0896A2}.Debug|Any CPU.ActiveCfg = Debug|Any CPU
		{03C8E91D-E8C8-4FD0-895E-D7A13A0896A2}.Debug|Any CPU.Build.0 = Debug|Any CPU
		{03C8E91D-E8C8-4FD0-895E-D7A13A0896A2}.Release|Any CPU.ActiveCfg = Release|Any CPU
		{03C8E91D-E8C8-4FD0-895E-D7A13A0896A2}.Release|Any CPU.Build.0 = Release|Any CPU
	EndGlobalSection
	GlobalSection(SolutionProperties) = preSolution
		HideSolutionNode = FALSE
	EndGlobalSection
	GlobalSection(ExtensibilityGlobals) = postSolution
		SolutionGuid = {725077F1-C3CA-477D-BAAE-670654C1CF1D}
	EndGlobalSection
EndGlobal
